
Microsoft Visual Studio Solution File, Format Version 12.00
# Visual Studio 15
Project("{FAE04EC0-301F-11D3-BF4B-00C04F79EFBC}") = "Assembly-CSharp", "Assembly-CSharp.csproj", "{C9A1B6F5-CB4C-F45A-C9EC-20E3D4A03F90}"
EndProject
Project("{FAE04EC0-301F-11D3-BF4B-00C04F79EFBC}") = "Assembly-CSharp-Editor", "Assembly-CSharp-Editor.csproj", "{BAB4C56E-54E6-B17E-1AFE-FEDE39839E02}"
EndProject
Global
	GlobalSection(SolutionConfigurationPlatforms) = preSolution
		Debug|Any CPU = Debug|Any CPU
		Release|Any CPU = Release|Any CPU
	EndGlobalSection
	GlobalSection(ProjectConfigurationPlatforms) = postSolution
		{C9A1B6F5-CB4C-F45A-C9EC-20E3D4A03F90}.Debug|Any CPU.ActiveCfg = Debug|Any CPU
		{C9A1B6F5-CB4C-F45A-C9EC-20E3D4A03F90}.Debug|Any CPU.Build.0 = Debug|Any CPU
		{C9A1B6F5-CB4C-F45A-C9EC-20E3D4A03F90}.Release|Any CPU.ActiveCfg = Release|Any CPU
		{C9A1B6F5-CB4C-F45A-C9EC-20E3D4A03F90}.Release|Any CPU.Build.0 = Release|Any CPU
		{BAB4C56E-54E6-B17E-1AFE-FEDE39839E02}.Debug|Any CPU.ActiveCfg = Debug|Any CPU
		{BAB4C56E-54E6-B17E-1AFE-FEDE39839E02}.Debug|Any CPU.Build.0 = Debug|Any CPU
		{BAB4C56E-54E6-B17E-1AFE-FEDE39839E02}.Release|Any CPU.ActiveCfg = Release|Any CPU
		{BAB4C56E-54E6-B17E-1AFE-FEDE39839E02}.Release|Any CPU.Build.0 = Release|Any CPU
	EndGlobalSection
	GlobalSection(SolutionProperties) = preSolution
		HideSolutionNode = FALSE
	EndGlobalSection
EndGlobal
